// !$*UTF8*$!
{
	archiveVersion = 1;
	classes = {
	};
	objectVersion = 46;
	objects = {

/* Begin PBXBuildFile section */
		FFB558D5181D21EB005B5233 /* Foundation.framework in Frameworks */ = {isa = PBXBuildFile; fileRef = FFB558D4181D21EB005B5233 /* Foundation.framework */; };
		FFB558D7181D21EB005B5233 /* CoreGraphics.framework in Frameworks */ = {isa = PBXBuildFile; fileRef = FFB558D6181D21EB005B5233 /* CoreGraphics.framework */; };
		FFB558D9181D21EB005B5233 /* UIKit.framework in Frameworks */ = {isa = PBXBuildFile; fileRef = FFB558D8181D21EB005B5233 /* UIKit.framework */; };
		FFB558DF181D21EB005B5233 /* InfoPlist.strings in Resources */ = {isa = PBXBuildFile; fileRef = FFB558DD181D21EB005B5233 /* InfoPlist.strings */; };
		FFB558E1181D21EB005B5233 /* main.m in Sources */ = {isa = PBXBuildFile; fileRef = FFB558E0181D21EB005B5233 /* main.m */; };
		FFB558E5181D21EB005B5233 /* AppDelegate.m in Sources */ = {isa = PBXBuildFile; fileRef = FFB558E4181D21EB005B5233 /* AppDelegate.m */; };
		FFB558E8181D21EB005B5233 /* Main.storyboard in Resources */ = {isa = PBXBuildFile; fileRef = FFB558E6181D21EB005B5233 /* Main.storyboard */; };
		FFB558EB181D21EB005B5233 /* MainViewController.m in Sources */ = {isa = PBXBuildFile; fileRef = FFB558EA181D21EB005B5233 /* MainViewController.m */; };
		FFB558ED181D21EB005B5233 /* Images.xcassets in Resources */ = {isa = PBXBuildFile; fileRef = FFB558EC181D21EB005B5233 /* Images.xcassets */; };
		FFB558F4181D21EB005B5233 /* XCTest.framework in Frameworks */ = {isa = PBXBuildFile; fileRef = FFB558F3181D21EB005B5233 /* XCTest.framework */; };
		FFB558F5181D21EB005B5233 /* Foundation.framework in Frameworks */ = {isa = PBXBuildFile; fileRef = FFB558D4181D21EB005B5233 /* Foundation.framework */; };
		FFB558F6181D21EB005B5233 /* UIKit.framework in Frameworks */ = {isa = PBXBuildFile; fileRef = FFB558D8181D21EB005B5233 /* UIKit.framework */; };
		FFB558FE181D21EC005B5233 /* InfoPlist.strings in Resources */ = {isa = PBXBuildFile; fileRef = FFB558FC181D21EC005B5233 /* InfoPlist.strings */; };
		FFB55900181D21EC005B5233 /* ProteinTrackerTests.m in Sources */ = {isa = PBXBuildFile; fileRef = FFB558FF181D21EC005B5233 /* ProteinTrackerTests.m */; };
		FFB5590B181D2D01005B5233 /* HistoryViewController.m in Sources */ = {isa = PBXBuildFile; fileRef = FFB5590A181D2D01005B5233 /* HistoryViewController.m */; };
		FFB5590D181D51CD005B5233 /* Settings.bundle in Resources */ = {isa = PBXBuildFile; fileRef = FFB5590C181D51CD005B5233 /* Settings.bundle */; };
/* End PBXBuildFile section */

/* Begin PBXContainerItemProxy section */
		FFB558F7181D21EB005B5233 /* PBXContainerItemProxy */ = {
			isa = PBXContainerItemProxy;
			containerPortal = FFB558C9181D21EA005B5233 /* Project object */;
			proxyType = 1;
			remoteGlobalIDString = FFB558D0181D21EB005B5233;
			remoteInfo = ProteinTracker;
		};
/* End PBXContainerItemProxy section */

/* Begin PBXFileReference section */
		FFB558D1181D21EB005B5233 /* ProteinTracker.app */ = {isa = PBXFileReference; explicitFileType = wrapper.application; includeInIndex = 0; path = ProteinTracker.app; sourceTree = BUILT_PRODUCTS_DIR; };
		FFB558D4181D21EB005B5233 /* Foundation.framework */ = {isa = PBXFileReference; lastKnownFileType = wrapper.framework; name = Foundation.framework; path = System/Library/Frameworks/Foundation.framework; sourceTree = SDKROOT; };
		FFB558D6181D21EB005B5233 /* CoreGraphics.framework */ = {isa = PBXFileReference; lastKnownFileType = wrapper.framework; name = CoreGraphics.framework; path = System/Library/Frameworks/CoreGraphics.framework; sourceTree = SDKROOT; };
		FFB558D8181D21EB005B5233 /* UIKit.framework */ = {isa = PBXFileReference; lastKnownFileType = wrapper.framework; name = UIKit.framework; path = System/Library/Frameworks/UIKit.framework; sourceTree = SDKROOT; };
		FFB558DC181D21EB005B5233 /* ProteinTracker-Info.plist */ = {isa = PBXFileReference; lastKnownFileType = text.plist.xml; path = "ProteinTracker-Info.plist"; sourceTree = "<group>"; };
		FFB558DE181D21EB005B5233 /* en */ = {isa = PBXFileReference; lastKnownFileType = text.plist.strings; name = en; path = en.lproj/InfoPlist.strings; sourceTree = "<group>"; };
		FFB558E0181D21EB005B5233 /* main.m */ = {isa = PBXFileReference; lastKnownFileType = sourcecode.c.objc; path = main.m; sourceTree = "<group>"; };
		FFB558E2181D21EB005B5233 /* ProteinTracker-Prefix.pch */ = {isa = PBXFileReference; lastKnownFileType = sourcecode.c.h; path = "ProteinTracker-Prefix.pch"; sourceTree = "<group>"; };
		FFB558E3181D21EB005B5233 /* AppDelegate.h */ = {isa = PBXFileReference; lastKnownFileType = sourcecode.c.h; path = AppDelegate.h; sourceTree = "<group>"; };
		FFB558E4181D21EB005B5233 /* AppDelegate.m */ = {isa = PBXFileReference; lastKnownFileType = sourcecode.c.objc; path = AppDelegate.m; sourceTree = "<group>"; };
		FFB558E7181D21EB005B5233 /* Base */ = {isa = PBXFileReference; lastKnownFileType = file.storyboard; name = Base; path = Base.lproj/Main.storyboard; sourceTree = "<group>"; };
		FFB558E9181D21EB005B5233 /* MainViewController.h */ = {isa = PBXFileReference; lastKnownFileType = sourcecode.c.h; path = MainViewController.h; sourceTree = "<group>"; };
		FFB558EA181D21EB005B5233 /* MainViewController.m */ = {isa = PBXFileReference; lastKnownFileType = sourcecode.c.objc; path = MainViewController.m; sourceTree = "<group>"; };
		FFB558EC181D21EB005B5233 /* Images.xcassets */ = {isa = PBXFileReference; lastKnownFileType = folder.assetcatalog; path = Images.xcassets; sourceTree = "<group>"; };
		FFB558F2181D21EB005B5233 /* ProteinTrackerTests.xctest */ = {isa = PBXFileReference; explicitFileType = wrapper.cfbundle; includeInIndex = 0; path = ProteinTrackerTests.xctest; sourceTree = BUILT_PRODUCTS_DIR; };
		FFB558F3181D21EB005B5233 /* XCTest.framework */ = {isa = PBXFileReference; lastKnownFileType = wrapper.framework; name = XCTest.framework; path = Library/Frameworks/XCTest.framework; sourceTree = DEVELOPER_DIR; };
		FFB558FB181D21EC005B5233 /* ProteinTrackerTests-Info.plist */ = {isa = PBXFileReference; lastKnownFileType = text.plist.xml; path = "ProteinTrackerTests-Info.plist"; sourceTree = "<group>"; };
		FFB558FD181D21EC005B5233 /* en */ = {isa = PBXFileReference; lastKnownFileType = text.plist.strings; name = en; path = en.lproj/InfoPlist.strings; sourceTree = "<group>"; };
		FFB558FF181D21EC005B5233 /* ProteinTrackerTests.m */ = {isa = PBXFileReference; lastKnownFileType = sourcecode.c.objc; path = ProteinTrackerTests.m; sourceTree = "<group>"; };
		FFB55909181D2D01005B5233 /* HistoryViewController.h */ = {isa = PBXFileReference; fileEncoding = 4; lastKnownFileType = sourcecode.c.h; path = HistoryViewController.h; sourceTree = "<group>"; };
		FFB5590A181D2D01005B5233 /* HistoryViewController.m */ = {isa = PBXFileReference; fileEncoding = 4; lastKnownFileType = sourcecode.c.objc; path = HistoryViewController.m; sourceTree = "<group>"; };
		FFB5590C181D51CD005B5233 /* Settings.bundle */ = {isa = PBXFileReference; lastKnownFileType = "wrapper.plug-in"; path = Settings.bundle; sourceTree = "<group>"; };
/* End PBXFileReference section */

/* Begin PBXFrameworksBuildPhase section */
		FFB558CE181D21EB005B5233 /* Frameworks */ = {
			isa = PBXFrameworksBuildPhase;
			buildActionMask = 2147483647;
			files = (
				FFB558D7181D21EB005B5233 /* CoreGraphics.framework in Frameworks */,
				FFB558D9181D21EB005B5233 /* UIKit.framework in Frameworks */,
				FFB558D5181D21EB005B5233 /* Foundation.framework in Frameworks */,
			);
			runOnlyForDeploymentPostprocessing = 0;
		};
		FFB558EF181D21EB005B5233 /* Frameworks */ = {
			isa = PBXFrameworksBuildPhase;
			buildActionMask = 2147483647;
			files = (
				FFB558F4181D21EB005B5233 /* XCTest.framework in Frameworks */,
				FFB558F6181D21EB005B5233 /* UIKit.framework in Frameworks */,
				FFB558F5181D21EB005B5233 /* Foundation.framework in Frameworks */,
			);
			runOnlyForDeploymentPostprocessing = 0;
		};
/* End PBXFrameworksBuildPhase section */

/* Begin PBXGroup section */
		FFB558C8181D21EA005B5233 = {
			isa = PBXGroup;
			children = (
				FFB558DA181D21EB005B5233 /* ProteinTracker */,
				FFB558F9181D21EB005B5233 /* ProteinTrackerTests */,
				FFB558D3181D21EB005B5233 /* Frameworks */,
				FFB558D2181D21EB005B5233 /* Products */,
			);
			sourceTree = "<group>";
		};
		FFB558D2181D21EB005B5233 /* Products */ = {
			isa = PBXGroup;
			children = (
				FFB558D1181D21EB005B5233 /* ProteinTracker.app */,
				FFB558F2181D21EB005B5233 /* ProteinTrackerTests.xctest */,
			);
			name = Products;
			sourceTree = "<group>";
		};
		FFB558D3181D21EB005B5233 /* Frameworks */ = {
			isa = PBXGroup;
			children = (
				FFB558D4181D21EB005B5233 /* Foundation.framework */,
				FFB558D6181D21EB005B5233 /* CoreGraphics.framework */,
				FFB558D8181D21EB005B5233 /* UIKit.framework */,
				FFB558F3181D21EB005B5233 /* XCTest.framework */,
			);
			name = Frameworks;
			sourceTree = "<group>";
		};
		FFB558DA181D21EB005B5233 /* ProteinTracker */ = {
			isa = PBXGroup;
			children = (
				FFB558E3181D21EB005B5233 /* AppDelegate.h */,
				FFB558E4181D21EB005B5233 /* AppDelegate.m */,
				FFB558E6181D21EB005B5233 /* Main.storyboard */,
				FFB5590C181D51CD005B5233 /* Settings.bundle */,
				FFB558E9181D21EB005B5233 /* MainViewController.h */,
				FFB558EA181D21EB005B5233 /* MainViewController.m */,
				FFB558EC181D21EB005B5233 /* Images.xcassets */,
				FFB558DB181D21EB005B5233 /* Supporting Files */,
				FFB55909181D2D01005B5233 /* HistoryViewController.h */,
				FFB5590A181D2D01005B5233 /* HistoryViewController.m */,
			);
			path = ProteinTracker;
			sourceTree = "<group>";
		};
		FFB558DB181D21EB005B5233 /* Supporting Files */ = {
			isa = PBXGroup;
			children = (
				FFB558DC181D21EB005B5233 /* ProteinTracker-Info.plist */,
				FFB558DD181D21EB005B5233 /* InfoPlist.strings */,
				FFB558E0181D21EB005B5233 /* main.m */,
				FFB558E2181D21EB005B5233 /* ProteinTracker-Prefix.pch */,
			);
			name = "Supporting Files";
			sourceTree = "<group>";
		};
		FFB558F9181D21EB005B5233 /* ProteinTrackerTests */ = {
			isa = PBXGroup;
			children = (
				FFB558FF181D21EC005B5233 /* ProteinTrackerTests.m */,
				FFB558FA181D21EB005B5233 /* Supporting Files */,
			);
			path = ProteinTrackerTests;
			sourceTree = "<group>";
		};
		FFB558FA181D21EB005B5233 /* Supporting Files */ = {
			isa = PBXGroup;
			children = (
				FFB558FB181D21EC005B5233 /* ProteinTrackerTests-Info.plist */,
				FFB558FC181D21EC005B5233 /* InfoPlist.strings */,
			);
			name = "Supporting Files";
			sourceTree = "<group>";
		};
/* End PBXGroup section */

/* Begin PBXNativeTarget section */
		FFB558D0181D21EB005B5233 /* ProteinTracker */ = {
			isa = PBXNativeTarget;
			buildConfigurationList = FFB55903181D21EC005B5233 /* Build configuration list for PBXNativeTarget "ProteinTracker" */;
			buildPhases = (
				FFB558CD181D21EB005B5233 /* Sources */,
				FFB558CE181D21EB005B5233 /* Frameworks */,
				FFB558CF181D21EB005B5233 /* Resources */,
			);
			buildRules = (
			);
			dependencies = (
			);
			name = ProteinTracker;
			productName = ProteinTracker;
			productReference = FFB558D1181D21EB005B5233 /* ProteinTracker.app */;
			productType = "com.apple.product-type.application";
		};
		FFB558F1181D21EB005B5233 /* ProteinTrackerTests */ = {
			isa = PBXNativeTarget;
			buildConfigurationList = FFB55906181D21EC005B5233 /* Build configuration list for PBXNativeTarget "ProteinTrackerTests" */;
			buildPhases = (
				FFB558EE181D21EB005B5233 /* Sources */,
				FFB558EF181D21EB005B5233 /* Frameworks */,
				FFB558F0181D21EB005B5233 /* Resources */,
			);
			buildRules = (
			);
			dependencies = (
				FFB558F8181D21EB005B5233 /* PBXTargetDependency */,
			);
			name = ProteinTrackerTests;
			productName = ProteinTrackerTests;
			productReference = FFB558F2181D21EB005B5233 /* ProteinTrackerTests.xctest */;
			productType = "com.apple.product-type.bundle.unit-test";
		};
/* End PBXNativeTarget section */

/* Begin PBXProject section */
		FFB558C9181D21EA005B5233 /* Project object */ = {
			isa = PBXProject;
			attributes = {
				LastUpgradeCheck = 0500;
				ORGANIZATIONNAME = "Georgi Ivanov";
				TargetAttributes = {
					FFB558F1181D21EB005B5233 = {
						TestTargetID = FFB558D0181D21EB005B5233;
					};
				};
			};
			buildConfigurationList = FFB558CC181D21EA005B5233 /* Build configuration list for PBXProject "ProteinTracker" */;
			compatibilityVersion = "Xcode 3.2";
			developmentRegion = English;
			hasScannedForEncodings = 0;
			knownRegions = (
				en,
				Base,
			);
			mainGroup = FFB558C8181D21EA005B5233;
			productRefGroup = FFB558D2181D21EB005B5233 /* Products */;
			projectDirPath = "";
			projectRoot = "";
			targets = (
				FFB558D0181D21EB005B5233 /* ProteinTracker */,
				FFB558F1181D21EB005B5233 /* ProteinTrackerTests */,
			);
		};
/* End PBXProject section */

/* Begin PBXResourcesBuildPhase section */
		FFB558CF181D21EB005B5233 /* Resources */ = {
			isa = PBXResourcesBuildPhase;
			buildActionMask = 2147483647;
			files = (
				FFB5590D181D51CD005B5233 /* Settings.bundle in Resources */,
				FFB558ED181D21EB005B5233 /* Images.xcassets in Resources */,
				FFB558DF181D21EB005B5233 /* InfoPlist.strings in Resources */,
				FFB558E8181D21EB005B5233 /* Main.storyboard in Resources */,
			);
			runOnlyForDeploymentPostprocessing = 0;
		};
		FFB558F0181D21EB005B5233 /* Resources */ = {
			isa = PBXResourcesBuildPhase;
			buildActionMask = 2147483647;
			files = (
				FFB558FE181D21EC005B5233 /* InfoPlist.strings in Resources */,
			);
			runOnlyForDeploymentPostprocessing = 0;
		};
/* End PBXResourcesBuildPhase section */

/* Begin PBXSourcesBuildPhase section */
		FFB558CD181D21EB005B5233 /* Sources */ = {
			isa = PBXSourcesBuildPhase;
			buildActionMask = 2147483647;
			files = (
				FFB558EB181D21EB005B5233 /* MainViewController.m in Sources */,
				FFB558E5181D21EB005B5233 /* AppDelegate.m in Sources */,
				FFB558E1181D21EB005B5233 /* main.m in Sources */,
				FFB5590B181D2D01005B5233 /* HistoryViewController.m in Sources */,
			);
			runOnlyForDeploymentPostprocessing = 0;
		};
		FFB558EE181D21EB005B5233 /* Sources */ = {
			isa = PBXSourcesBuildPhase;
			buildActionMask = 2147483647;
			files = (
				FFB55900181D21EC005B5233 /* ProteinTrackerTests.m in Sources */,
			);
			runOnlyForDeploymentPostprocessing = 0;
		};
/* End PBXSourcesBuildPhase section */

/* Begin PBXTargetDependency section */
		FFB558F8181D21EB005B5233 /* PBXTargetDependency */ = {
			isa = PBXTargetDependency;
			target = FFB558D0181D21EB005B5233 /* ProteinTracker */;
			targetProxy = FFB558F7181D21EB005B5233 /* PBXContainerItemProxy */;
		};
/* End PBXTargetDependency section */

/* Begin PBXVariantGroup section */
		FFB558DD181D21EB005B5233 /* InfoPlist.strings */ = {
			isa = PBXVariantGroup;
			children = (
				FFB558DE181D21EB005B5233 /* en */,
			);
			name = InfoPlist.strings;
			sourceTree = "<group>";
		};
		FFB558E6181D21EB005B5233 /* Main.storyboard */ = {
			isa = PBXVariantGroup;
			children = (
				FFB558E7181D21EB005B5233 /* Base */,
			);
			name = Main.storyboard;
			sourceTree = "<group>";
		};
		FFB558FC181D21EC005B5233 /* InfoPlist.strings */ = {
			isa = PBXVariantGroup;
			children = (
				FFB558FD181D21EC005B5233 /* en */,
			);
			name = InfoPlist.strings;
			sourceTree = "<group>";
		};
/* End PBXVariantGroup section */

/* Begin XCBuildConfiguration section */
		FFB55901181D21EC005B5233 /* Debug */ = {
			isa = XCBuildConfiguration;
			buildSettings = {
				ALWAYS_SEARCH_USER_PATHS = NO;
				ARCHS = "$(ARCHS_STANDARD_INCLUDING_64_BIT)";
				CLANG_CXX_LANGUAGE_STANDARD = "gnu++0x";
				CLANG_CXX_LIBRARY = "libc++";
				CLANG_ENABLE_MODULES = YES;
				CLANG_ENABLE_OBJC_ARC = YES;
				CLANG_WARN_BOOL_CONVERSION = YES;
				CLANG_WARN_CONSTANT_CONVERSION = YES;
				CLANG_WARN_DIRECT_OBJC_ISA_USAGE = YES_ERROR;
				CLANG_WARN_EMPTY_BODY = YES;
				CLANG_WARN_ENUM_CONVERSION = YES;
				CLANG_WARN_INT_CONVERSION = YES;
				CLANG_WARN_OBJC_ROOT_CLASS = YES_ERROR;
				CLANG_WARN__DUPLICATE_METHOD_MATCH = YES;
				"CODE_SIGN_IDENTITY[sdk=iphoneos*]" = "iPhone Developer";
				COPY_PHASE_STRIP = NO;
				GCC_C_LANGUAGE_STANDARD = gnu99;
				GCC_DYNAMIC_NO_PIC = NO;
				GCC_OPTIMIZATION_LEVEL = 0;
				GCC_PREPROCESSOR_DEFINITIONS = (
					"DEBUG=1",
					"$(inherited)",
				);
				GCC_SYMBOLS_PRIVATE_EXTERN = NO;
				GCC_WARN_64_TO_32_BIT_CONVERSION = YES;
				GCC_WARN_ABOUT_RETURN_TYPE = YES_ERROR;
				GCC_WARN_UNDECLARED_SELECTOR = YES;
				GCC_WARN_UNINITIALIZED_AUTOS = YES;
				GCC_WARN_UNUSED_FUNCTION = YES;
				GCC_WARN_UNUSED_VARIABLE = YES;
				IPHONEOS_DEPLOYMENT_TARGET = 7.0;
				ONLY_ACTIVE_ARCH = YES;
				SDKROOT = iphoneos;
			};
			name = Debug;
		};
		FFB55902181D21EC005B5233 /* Release */ = {
			isa = XCBuildConfiguration;
			buildSettings = {
				ALWAYS_SEARCH_USER_PATHS = NO;
				ARCHS = "$(ARCHS_STANDARD_INCLUDING_64_BIT)";
				CLANG_CXX_LANGUAGE_STANDARD = "gnu++0x";
				CLANG_CXX_LIBRARY = "libc++";
				CLANG_ENABLE_MODULES = YES;
				CLANG_ENABLE_OBJC_ARC = YES;
				CLANG_WARN_BOOL_CONVERSION = YES;
				CLANG_WARN_CONSTANT_CONVERSION = YES;
				CLANG_WARN_DIRECT_OBJC_ISA_USAGE = YES_ERROR;
				CLANG_WARN_EMPTY_BODY = YES;
				CLANG_WARN_ENUM_CONVERSION = YES;
				CLANG_WARN_INT_CONVERSION = YES;
				CLANG_WARN_OBJC_ROOT_CLASS = YES_ERROR;
				CLANG_WARN__DUPLICATE_METHOD_MATCH = YES;
				"CODE_SIGN_IDENTITY[sdk=iphoneos*]" = "iPhone Developer";
				COPY_PHASE_STRIP = YES;
				ENABLE_NS_ASSERTIONS = NO;
				GCC_C_LANGUAGE_STANDARD = gnu99;
				GCC_WARN_64_TO_32_BIT_CONVERSION = YES;
				GCC_WARN_ABOUT_RETURN_TYPE = YES_ERROR;
				GCC_WARN_UNDECLARED_SELECTOR = YES;
				GCC_WARN_UNINITIALIZED_AUTOS = YES;
				GCC_WARN_UNUSED_FUNCTION = YES;
				GCC_WARN_UNUSED_VARIABLE = YES;
				IPHONEOS_DEPLOYMENT_TARGET = 7.0;
				SDKROOT = iphoneos;
				VALIDATE_PRODUCT = YES;
			};
			name = Release;
		};
		FFB55904181D21EC005B5233 /* Debug */ = {
			isa = XCBuildConfiguration;
			buildSettings = {
				ASSETCATALOG_COMPILER_APPICON_NAME = AppIcon;
				ASSETCATALOG_COMPILER_LAUNCHIMAGE_NAME = LaunchImage;
				GCC_PRECOMPILE_PREFIX_HEADER = YES;
				GCC_PREFIX_HEADER = "ProteinTracker/ProteinTracker-Prefix.pch";
				INFOPLIST_FILE = "ProteinTracker/ProteinTracker-Info.plist";
				PRODUCT_NAME = "$(TARGET_NAME)";
				WRAPPER_EXTENSION = app;
			};
			name = Debug;
		};
		FFB55905181D21EC005B5233 /* Release */ = {
			isa = XCBuildConfiguration;
			buildSettings = {
				ASSETCATALOG_COMPILER_APPICON_NAME = AppIcon;
				ASSETCATALOG_COMPILER_LAUNCHIMAGE_NAME = LaunchImage;
				GCC_PRECOMPILE_PREFIX_HEADER = YES;
				GCC_PREFIX_HEADER = "ProteinTracker/ProteinTracker-Prefix.pch";
				INFOPLIST_FILE = "ProteinTracker/ProteinTracker-Info.plist";
				PRODUCT_NAME = "$(TARGET_NAME)";
				WRAPPER_EXTENSION = app;
			};
			name = Release;
		};
		FFB55907181D21EC005B5233 /* Debug */ = {
			isa = XCBuildConfiguration;
			buildSettings = {
				ARCHS = "$(ARCHS_STANDARD_INCLUDING_64_BIT)";
				BUNDLE_LOADER = "$(BUILT_PRODUCTS_DIR)/ProteinTracker.app/ProteinTracker";
				FRAMEWORK_SEARCH_PATHS = (
					"$(SDKROOT)/Developer/Library/Frameworks",
					"$(inherited)",
					"$(DEVELOPER_FRAMEWORKS_DIR)",
				);
				GCC_PRECOMPILE_PREFIX_HEADER = YES;
				GCC_PREFIX_HEADER = "ProteinTracker/ProteinTracker-Prefix.pch";
				GCC_PREPROCESSOR_DEFINITIONS = (
					"DEBUG=1",
					"$(inherited)",
				);
				INFOPLIST_FILE = "ProteinTrackerTests/ProteinTrackerTests-Info.plist";
				PRODUCT_NAME = "$(TARGET_NAME)";
				TEST_HOST = "$(BUNDLE_LOADER)";
				WRAPPER_EXTENSION = xctest;
			};
			name = Debug;
		};
		FFB55908181D21EC005B5233 /* Release */ = {
			isa = XCBuildConfiguration;
			buildSettings = {
				ARCHS = "$(ARCHS_STANDARD_INCLUDING_64_BIT)";
				BUNDLE_LOADER = "$(BUILT_PRODUCTS_DIR)/ProteinTracker.app/ProteinTracker";
				FRAMEWORK_SEARCH_PATHS = (
					"$(SDKROOT)/Developer/Library/Frameworks",
					"$(inherited)",
					"$(DEVELOPER_FRAMEWORKS_DIR)",
				);
				GCC_PRECOMPILE_PREFIX_HEADER = YES;
				GCC_PREFIX_HEADER = "ProteinTracker/ProteinTracker-Prefix.pch";
				INFOPLIST_FILE = "ProteinTrackerTests/ProteinTrackerTests-Info.plist";
				PRODUCT_NAME = "$(TARGET_NAME)";
				TEST_HOST = "$(BUNDLE_LOADER)";
				WRAPPER_EXTENSION = xctest;
			};
			name = Release;
		};
/* End XCBuildConfiguration section */

/* Begin XCConfigurationList section */
		FFB558CC181D21EA005B5233 /* Build configuration list for PBXProject "ProteinTracker" */ = {
			isa = XCConfigurationList;
			buildConfigurations = (
				FFB55901181D21EC005B5233 /* Debug */,
				FFB55902181D21EC005B5233 /* Release */,
			);
			defaultConfigurationIsVisible = 0;
			defaultConfigurationName = Release;
		};
		FFB55903181D21EC005B5233 /* Build configuration list for PBXNativeTarget "ProteinTracker" */ = {
			isa = XCConfigurationList;
			buildConfigurations = (
				FFB55904181D21EC005B5233 /* Debug */,
				FFB55905181D21EC005B5233 /* Release */,
			);
			defaultConfigurationIsVisible = 0;
		};
		FFB55906181D21EC005B5233 /* Build configuration list for PBXNativeTarget "ProteinTrackerTests" */ = {
			isa = XCConfigurationList;
			buildConfigurations = (
				FFB55907181D21EC005B5233 /* Debug */,
				FFB55908181D21EC005B5233 /* Release */,
			);
			defaultConfigurationIsVisible = 0;
		};
/* End XCConfigurationList section */
	};
	rootObject = FFB558C9181D21EA005B5233 /* Project object */;
}
